schema: '2.0'
stages:
  data_ingestion:
    cmd: python src/data_ingestion.py
    deps:
    - path: src/data_ingestion.py
      hash: md5
      md5: ef51ab95aeb836642f4b6deeb06ffb3c
      size: 2895
    params:
      params.yaml:
        data_ingestion.test_size: 0.4
    outs:
    - path: data/raw
      hash: md5
      md5: dae6e5dd2a6a74278c45ea73027dae3b.dir
      size: 484846
      nfiles: 2
  data_preprocessing:
    cmd: python src/data_preprocessing.py
    deps:
    - path: data/raw
      hash: md5
      md5: dae6e5dd2a6a74278c45ea73027dae3b.dir
      size: 484846
      nfiles: 2
    - path: src/data_preprocessing.py
      hash: md5
      md5: c849cd04a3ad7a9b511d0fa28d462529
      size: 4164
    outs:
    - path: data/precessed
      hash: md5
      md5: 74c5e2bb3bc3251e77d4e5cc427266e3.dir
      size: 264084
      nfiles: 2
  feature_engineering:
    cmd: python src/data_feature_eng.py
    deps:
    - path: data/precessed
      hash: md5
      md5: 74c5e2bb3bc3251e77d4e5cc427266e3.dir
      size: 264084
      nfiles: 2
    - path: src/data_feature_eng.py
      hash: md5
      md5: 03868ee1ecfd30cb958ecd4b589a37f5
      size: 2915
    params:
      params.yaml:
        feature_engineering.max_features: 100
    outs:
    - path: data/feature_engineering
      hash: md5
      md5: 9cde6941f11aadef67b32471bd661c0c.dir
      size: 2329040
      nfiles: 2
  model_building:
    cmd: python src/model_building.py
    deps:
    - path: data/feature_engineering
      hash: md5
      md5: 9cde6941f11aadef67b32471bd661c0c.dir
      size: 2329040
      nfiles: 2
    - path: src/model_building.py
      hash: md5
      md5: 27f147c5354c0745d6f25d76ea643353
      size: 2579
    params:
      params.yaml:
        model_building.n_estimators: 11
        model_building.random_state: 2
    outs:
    - path: models/models.pkl
      hash: md5
      md5: d0afd7eabcb948817b20972fb2251d21
      size: 473154
  model_evaluation:
    cmd: python src/model_evaluation.py
    deps:
    - path: models/models.pkl
      hash: md5
      md5: d0afd7eabcb948817b20972fb2251d21
      size: 473154
    - path: src/model_evaluation.py
      hash: md5
      md5: 8cb2c7c87f85b3666c0a595b45364791
      size: 3346
    outs:
    - path: metrics/metrics.json
      hash: md5
      md5: 032e38ae242043b7ed010c150ee4093f
      size: 113
